
Microsoft Visual Studio Solution File, Format Version 12.00
# Visual Studio Version 17
VisualStudioVersion = 17.14.36616.10 d17.14
MinimumVisualStudioVersion = 10.0.40219.1
Project("{FAE04EC0-301F-11D3-BF4B-00C04F79EFBC}") = "CrystalDemo36", "CrystalDemo36\CrystalDemo36.csproj", "{BE131ECD-CF2E-499B-B31B-4235D8776E9A}"
EndProject
Global
	GlobalSection(SolutionConfigurationPlatforms) = preSolution
		Debug|Any CPU = Debug|Any CPU
		Release|Any CPU = Release|Any CPU
	EndGlobalSection
	GlobalSection(ProjectConfigurationPlatforms) = postSolution
		{BE131ECD-CF2E-499B-B31B-4235D8776E9A}.Debug|Any CPU.ActiveCfg = Debug|Any CPU
		{BE131ECD-CF2E-499B-B31B-4235D8776E9A}.Debug|Any CPU.Build.0 = Debug|Any CPU
		{BE131ECD-CF2E-499B-B31B-4235D8776E9A}.Release|Any CPU.ActiveCfg = Release|Any CPU
		{BE131ECD-CF2E-499B-B31B-4235D8776E9A}.Release|Any CPU.Build.0 = Release|Any CPU
	EndGlobalSection
	GlobalSection(SolutionProperties) = preSolution
		HideSolutionNode = FALSE
	EndGlobalSection
	GlobalSection(ExtensibilityGlobals) = postSolution
		SolutionGuid = {E22F2F9B-E815-4822-9A2F-B610BE1479A2}
	EndGlobalSection
EndGlobal
